<?xml version="1.0" encoding="utf-8"?>
<Project ToolsVersion="4.0" xmlns="http://schemas.microsoft.com/developer/msbuild/2003">
  <ItemGroup>
    <ClCompile Include="$(SrcRoot)pch.cpp" />
    <ClCompile Include="$(PlatformRoot)win_app.cpp">
      <Filter>platform\windows</Filter>
    </ClCompile>
    <ClCompile Include="$(PlatformRoot)win_error.cpp">
      <Filter>platform\windows</Filter>
    </ClCompile>
    <ClCompile Include="$(PlatformRoot)win_ime.cpp">
      <Filter>platform\windows</Filter>
    </ClCompile>
    <ClCompile Include="$(PlatformRoot)win_main.cpp">
      <Filter>platform\windows</Filter>
    </ClCompile>
    <ClCompile Include="$(PlatformRoot)win_renderer_direct2d.cpp">
      <Filter>platform\windows</Filter>
    </ClCompile>
    <ClCompile Include="$(PlatformRoot)win_util.cpp">
      <Filter>platform\windows</Filter>
    </ClCompile>
  </ItemGroup>
  <ItemGroup>
    <Filter Include="platform">
      <UniqueIdentifier>{676b0076-24a6-45bb-9c45-ddc06a60305d}</UniqueIdentifier>
    </Filter>
    <Filter Include="platform\windows">
      <UniqueIdentifier>{ce261a37-74c5-406e-8d48-02114a6fd7e5}</UniqueIdentifier>
    </Filter>
  </ItemGroup>
  <ItemGroup>
    <ClInclude Include="$(SrcRoot)pch.h" />
    <ClInclude Include="$(PlatformRoot)win_app.h">
      <Filter>platform\windows</Filter>
    </ClInclude>
    <ClInclude Include="$(PlatformRoot)win_common.h">
      <Filter>platform\windows</Filter>
    </ClInclude>
    <ClInclude Include="$(PlatformRoot)win_error.h">
      <Filter>platform\windows</Filter>
    </ClInclude>
    <ClInclude Include="$(PlatformRoot)win_ime.h">
      <Filter>platform\windows</Filter>
    </ClInclude>
    <ClInclude Include="$(PlatformRoot)win_pch.h">
      <Filter>platform\windows</Filter>
    </ClInclude>
    <ClInclude Include="$(PlatformRoot)win_renderer_direct2d.h">
      <Filter>platform\windows</Filter>
    </ClInclude>
    <ClInclude Include="$(PlatformRoot)win_util.h">
      <Filter>platform\windows</Filter>
    </ClInclude>
    <ClInclude Include="$(SrcRoot)app.h">
      <Filter>platform</Filter>
    </ClInclude>
    <ClInclude Include="$(SrcRoot)ime.h">
      <Filter>platform</Filter>
    </ClInclude>
  </ItemGroup>
  <ItemGroup>
    <None Include="$(PlatformRoot)win_exports.def">
      <Filter>platform\windows</Filter>
    </None>
  </ItemGroup>
  <ItemGroup>
    <Manifest Include="$(PlatformRoot)version.manifest">
      <Filter>platform\windows</Filter>
    </Manifest>
  </ItemGroup>
</Project>